
Microsoft Visual Studio Solution File, Format Version 12.00
# Visual Studio Version 17
VisualStudioVersion = 17.8.34408.163
MinimumVisualStudioVersion = 10.0.40219.1
Project("{FAE04EC0-301F-11D3-BF4B-00C04F79EFBC}") = "Database-Insertion", "Database-Insertion\Database-Insertion.csproj", "{14FD141F-FF50-49A9-B489-8E7FAB085575}"
EndProject
Global
	GlobalSection(SolutionConfigurationPlatforms) = preSolution
		Debug|Any CPU = Debug|Any CPU
		Release|Any CPU = Release|Any CPU
	EndGlobalSection
	GlobalSection(ProjectConfigurationPlatforms) = postSolution
		{14FD141F-FF50-49A9-B489-8E7FAB085575}.Debug|Any CPU.ActiveCfg = Debug|Any CPU
		{14FD141F-FF50-49A9-B489-8E7FAB085575}.Debug|Any CPU.Build.0 = Debug|Any CPU
		{14FD141F-FF50-49A9-B489-8E7FAB085575}.Release|Any CPU.ActiveCfg = Release|Any CPU
		{14FD141F-FF50-49A9-B489-8E7FAB085575}.Release|Any CPU.Build.0 = Release|Any CPU
	EndGlobalSection
	GlobalSection(SolutionProperties) = preSolution
		HideSolutionNode = FALSE
	EndGlobalSection
	GlobalSection(ExtensibilityGlobals) = postSolution
		SolutionGuid = {BD7D98B7-B66D-4369-9AE7-FBF5CB004159}
	EndGlobalSection
EndGlobal
